
Microsoft Visual Studio Solution File, Format Version 12.00
# Visual Studio Version 17
VisualStudioVersion = 17.0.32014.148
MinimumVisualStudioVersion = 10.0.40219.1
Project("{FAE04EC0-301F-11D3-BF4B-00C04F79EFBC}") = "GunCatolog.API", "APIGunCatolog\GunCatolog.API.csproj", "{7F251EA1-C72C-4B8C-A0A4-8BF2BF176517}"
EndProject
Project("{FAE04EC0-301F-11D3-BF4B-00C04F79EFBC}") = "GunCatalog.Service", "GunCatalog.Service\GunCatalog.Service.csproj", "{18C32803-5BF0-4619-B3B6-86635B78EB19}"
EndProject
Project("{FAE04EC0-301F-11D3-BF4B-00C04F79EFBC}") = "GunCatalog.Domain", "GunCatalog.Domain\GunCatalog.Domain.csproj", "{5E2AE1B7-BFBC-4FE0-A932-584B12FD0B5E}"
EndProject
Project("{FAE04EC0-301F-11D3-BF4B-00C04F79EFBC}") = "GunCatalog.Repository", "GunCatalog.Repository\GunCatalog.Repository.csproj", "{699D9CD4-7311-43F8-A99C-CB7D657F7826}"
EndProject
Global
	GlobalSection(SolutionConfigurationPlatforms) = preSolution
		Debug|Any CPU = Debug|Any CPU
		Release|Any CPU = Release|Any CPU
	EndGlobalSection
	GlobalSection(ProjectConfigurationPlatforms) = postSolution
		{7F251EA1-C72C-4B8C-A0A4-8BF2BF176517}.Debug|Any CPU.ActiveCfg = Debug|Any CPU
		{7F251EA1-C72C-4B8C-A0A4-8BF2BF176517}.Debug|Any CPU.Build.0 = Debug|Any CPU
		{7F251EA1-C72C-4B8C-A0A4-8BF2BF176517}.Release|Any CPU.ActiveCfg = Release|Any CPU
		{7F251EA1-C72C-4B8C-A0A4-8BF2BF176517}.Release|Any CPU.Build.0 = Release|Any CPU
		{18C32803-5BF0-4619-B3B6-86635B78EB19}.Debug|Any CPU.ActiveCfg = Debug|Any CPU
		{18C32803-5BF0-4619-B3B6-86635B78EB19}.Debug|Any CPU.Build.0 = Debug|Any CPU
		{18C32803-5BF0-4619-B3B6-86635B78EB19}.Release|Any CPU.ActiveCfg = Release|Any CPU
		{18C32803-5BF0-4619-B3B6-86635B78EB19}.Release|Any CPU.Build.0 = Release|Any CPU
		{5E2AE1B7-BFBC-4FE0-A932-584B12FD0B5E}.Debug|Any CPU.ActiveCfg = Debug|Any CPU
		{5E2AE1B7-BFBC-4FE0-A932-584B12FD0B5E}.Debug|Any CPU.Build.0 = Debug|Any CPU
		{5E2AE1B7-BFBC-4FE0-A932-584B12FD0B5E}.Release|Any CPU.ActiveCfg = Release|Any CPU
		{5E2AE1B7-BFBC-4FE0-A932-584B12FD0B5E}.Release|Any CPU.Build.0 = Release|Any CPU
		{699D9CD4-7311-43F8-A99C-CB7D657F7826}.Debug|Any CPU.ActiveCfg = Debug|Any CPU
		{699D9CD4-7311-43F8-A99C-CB7D657F7826}.Debug|Any CPU.Build.0 = Debug|Any CPU
		{699D9CD4-7311-43F8-A99C-CB7D657F7826}.Release|Any CPU.ActiveCfg = Release|Any CPU
		{699D9CD4-7311-43F8-A99C-CB7D657F7826}.Release|Any CPU.Build.0 = Release|Any CPU
	EndGlobalSection
	GlobalSection(SolutionProperties) = preSolution
		HideSolutionNode = FALSE
	EndGlobalSection
	GlobalSection(ExtensibilityGlobals) = postSolution
		SolutionGuid = {74CE5748-6A57-45C7-A747-94EC7BA50957}
	EndGlobalSection
EndGlobal
